
Microsoft Visual Studio Solution File, Format Version 12.00
# Visual Studio Version 17
VisualStudioVersion = 17.4.33103.184
MinimumVisualStudioVersion = 10.0.40219.1
Project("{9A19103F-16F7-4668-BE54-9A1E7A4F7556}") = "App", "App\App.csproj", "{D0B23936-D16A-4D45-B0D9-9626C40A86B4}"
EndProject
Project("{FAE04EC0-301F-11D3-BF4B-00C04F79EFBC}") = "Starkit.Test.Application", "Starkit.Test.Application\Starkit.Test.Application.csproj", "{DB80B1E7-A9E2-4D36-8CDE-9E8A3CCDDCC3}"
EndProject
Project("{FAE04EC0-301F-11D3-BF4B-00C04F79EFBC}") = "Starkit.Test.Domain", "Starkit.Test.Domain\Starkit.Test.Domain.csproj", "{F2F68BB8-4557-4A63-B4EC-A84DA3AAF9CE}"
EndProject
Project("{FAE04EC0-301F-11D3-BF4B-00C04F79EFBC}") = "Starkit.Test.Infrastructure", "Starkit.Test.Infrastructure\Starkit.Test.Infrastructure.csproj", "{E386A4BB-5F4C-4B6E-9818-803C852DD52D}"
EndProject
Global
	GlobalSection(SolutionConfigurationPlatforms) = preSolution
		Debug|Any CPU = Debug|Any CPU
		Release|Any CPU = Release|Any CPU
	EndGlobalSection
	GlobalSection(ProjectConfigurationPlatforms) = postSolution
		{D0B23936-D16A-4D45-B0D9-9626C40A86B4}.Debug|Any CPU.ActiveCfg = Debug|Any CPU
		{D0B23936-D16A-4D45-B0D9-9626C40A86B4}.Debug|Any CPU.Build.0 = Debug|Any CPU
		{D0B23936-D16A-4D45-B0D9-9626C40A86B4}.Release|Any CPU.ActiveCfg = Release|Any CPU
		{D0B23936-D16A-4D45-B0D9-9626C40A86B4}.Release|Any CPU.Build.0 = Release|Any CPU
		{DB80B1E7-A9E2-4D36-8CDE-9E8A3CCDDCC3}.Debug|Any CPU.ActiveCfg = Debug|Any CPU
		{DB80B1E7-A9E2-4D36-8CDE-9E8A3CCDDCC3}.Debug|Any CPU.Build.0 = Debug|Any CPU
		{DB80B1E7-A9E2-4D36-8CDE-9E8A3CCDDCC3}.Release|Any CPU.ActiveCfg = Release|Any CPU
		{DB80B1E7-A9E2-4D36-8CDE-9E8A3CCDDCC3}.Release|Any CPU.Build.0 = Release|Any CPU
		{F2F68BB8-4557-4A63-B4EC-A84DA3AAF9CE}.Debug|Any CPU.ActiveCfg = Debug|Any CPU
		{F2F68BB8-4557-4A63-B4EC-A84DA3AAF9CE}.Debug|Any CPU.Build.0 = Debug|Any CPU
		{F2F68BB8-4557-4A63-B4EC-A84DA3AAF9CE}.Release|Any CPU.ActiveCfg = Release|Any CPU
		{F2F68BB8-4557-4A63-B4EC-A84DA3AAF9CE}.Release|Any CPU.Build.0 = Release|Any CPU
		{E386A4BB-5F4C-4B6E-9818-803C852DD52D}.Debug|Any CPU.ActiveCfg = Debug|Any CPU
		{E386A4BB-5F4C-4B6E-9818-803C852DD52D}.Debug|Any CPU.Build.0 = Debug|Any CPU
		{E386A4BB-5F4C-4B6E-9818-803C852DD52D}.Release|Any CPU.ActiveCfg = Release|Any CPU
		{E386A4BB-5F4C-4B6E-9818-803C852DD52D}.Release|Any CPU.Build.0 = Release|Any CPU
	EndGlobalSection
	GlobalSection(SolutionProperties) = preSolution
		HideSolutionNode = FALSE
	EndGlobalSection
	GlobalSection(ExtensibilityGlobals) = postSolution
		SolutionGuid = {A1906B58-A0CB-45EF-AC10-1B2A1FF65A92}
	EndGlobalSection
EndGlobal
